<?xml version="1.0" encoding="utf-8"?>
<Project ToolsVersion="4.0" xmlns="http://schemas.microsoft.com/developer/msbuild/2003">
  <ItemGroup>
    <Filter Include="Source Files">
      <UniqueIdentifier>{4FC737F1-C7A5-4376-A066-2A32D752A2FF}</UniqueIdentifier>
      <Extensions>cpp;c;cc;cxx;def;odl;idl;hpj;bat;asm;asmx</Extensions>
    </Filter>
    <Filter Include="Header Files">
      <UniqueIdentifier>{93995380-89BD-4b04-88EB-625FBE52EBFB}</UniqueIdentifier>
      <Extensions>h;hh;hpp;hxx;hm;inl;inc;xsd</Extensions>
    </Filter>
    <Filter Include="Resource Files">
      <UniqueIdentifier>{67DA6AB6-F800-4c08-8B7A-83BB121AAD01}</UniqueIdentifier>
      <Extensions>rc;ico;cur;bmp;dlg;rc2;rct;bin;rgs;gif;jpg;jpeg;jpe;resx;tiff;tif;png;wav;mfcribbon-ms</Extensions>
    </Filter>
  </ItemGroup>
  <ItemGroup>
    <ClCompile Include="main.cpp">
      <Filter>Source Files</Filter>
    </ClCompile>
    <ClCompile Include="Core\Error.cpp">
      <Filter>Source Files</Filter>
    </ClCompile>
    <ClCompile Include="Core\Utils.cpp">
      <Filter>Source Files</Filter>
    </ClCompile>
    <ClCompile Include="LifetimeManager.cpp">
      <Filter>Source Files</Filter>
    </ClCompile>
    <ClCompile Include="Core\Logger.cpp">
      <Filter>Source Files</Filter>
    </ClCompile>
    <ClCompile Include="Core\ArrowUtilities.cpp">
      <Filter>Source Files</Filter>
    </ClCompile>
    <ClCompile Include="Processing.cpp">
      <Filter>Source Files</Filter>
    </ClCompile>
    <ClCompile Include="IO\IO.cpp">
      <Filter>Source Files</Filter>
    </ClCompile>
    <ClCompile Include="IO\XLSX.cpp">
      <Filter>Source Files</Filter>
    </ClCompile>
    <ClCompile Include="IO\csv.cpp">
      <Filter>Source Files</Filter>
    </ClCompile>
    <ClCompile Include="IO\Feather.cpp">
      <Filter>Source Files</Filter>
    </ClCompile>
    <ClCompile Include="LQuery\AST.cpp">
      <Filter>Source Files</Filter>
    </ClCompile>
    <ClCompile Include="LQuery\Interpreter.cpp">
      <Filter>Source Files</Filter>
    </ClCompile>
    <ClCompile Include="Core\Common.cpp">
      <Filter>Source Files</Filter>
    </ClCompile>
    <ClCompile Include="IO\JSON.cpp">
      <Filter>Source Files</Filter>
    </ClCompile>
    <ClCompile Include="Analysis.cpp">
      <Filter>Source Files</Filter>
    </ClCompile>
    <ClCompile Include="Core\Benchmark.cpp">
      <Filter>Source Files</Filter>
    </ClCompile>
    <ClCompile Include="Sort.cpp">
      <Filter>Source Files</Filter>
    </ClCompile>
    <ClCompile Include="LQuery\Functions.cpp">
      <Filter>Source Files</Filter>
    </ClCompile>
    <ClCompile Include="ValueHolder.cpp">
      <Filter>Source Files</Filter>
    </ClCompile>
    <ClCompile Include="Python\PythonInterpreter.cpp">
      <Filter>Source Files</Filter>
    </ClCompile>
    <ClCompile Include="Python\IncludePython.cpp">
      <Filter>Source Files</Filter>
    </ClCompile>
  </ItemGroup>
  <ItemGroup>
    <ClInclude Include="Core\Common.h">
      <Filter>Header Files</Filter>
    </ClInclude>
    <ClInclude Include="Core\Error.h">
      <Filter>Header Files</Filter>
    </ClInclude>
    <ClInclude Include="LifetimeManager.h">
      <Filter>Header Files</Filter>
    </ClInclude>
    <ClInclude Include="Core\Logger.h">
      <Filter>Header Files</Filter>
    </ClInclude>
    <ClInclude Include="Core\ArrowUtilities.h">
      <Filter>Header Files</Filter>
    </ClInclude>
    <ClInclude Include="Processing.h">
      <Filter>Header Files</Filter>
    </ClInclude>
    <ClInclude Include="IO\csv.h">
      <Filter>Header Files</Filter>
    </ClInclude>
    <ClInclude Include="IO\IO.h">
      <Filter>Header Files</Filter>
    </ClInclude>
    <ClInclude Include="IO\XLSX.h">
      <Filter>Header Files</Filter>
    </ClInclude>
    <ClInclude Include="IO\Feather.h">
      <Filter>Header Files</Filter>
    </ClInclude>
    <ClInclude Include="LQuery\AST.h">
      <Filter>Header Files</Filter>
    </ClInclude>
    <ClInclude Include="LQuery\Interpreter.h">
      <Filter>Header Files</Filter>
    </ClInclude>
    <ClInclude Include="IO\JSON.h">
      <Filter>Header Files</Filter>
    </ClInclude>
    <ClInclude Include="Analysis.h">
      <Filter>Header Files</Filter>
    </ClInclude>
    <ClInclude Include="Core\Benchmark.h">
      <Filter>Header Files</Filter>
    </ClInclude>
    <ClInclude Include="Sort.h">
      <Filter>Header Files</Filter>
    </ClInclude>
    <ClInclude Include="LQuery\Functions.h">
      <Filter>Header Files</Filter>
    </ClInclude>
    <ClInclude Include="ValueHolder.h">
      <Filter>Header Files</Filter>
    </ClInclude>
    <ClInclude Include="Python\IncludePython.h">
      <Filter>Header Files</Filter>
    </ClInclude>
    <ClInclude Include="Python\PythonInterpreter.h">
      <Filter>Header Files</Filter>
    </ClInclude>
  </ItemGroup>
</Project>