
Microsoft Visual Studio Solution File, Format Version 12.00
# Visual Studio 15
VisualStudioVersion = 15.0.26430.16
MinimumVisualStudioVersion = 10.0.40219.1
Project("{8BC9CEB8-8B4A-11D0-8D11-00A0C91BC942}") = "DataframeHelper", "DataframeHelper.vcxproj", "{899B5CE2-B02C-4841-AAE8-6F33B5F1460E}"
EndProject
Project("{2150E333-8FDC-42A3-9474-1A3956D46DE8}") = "Solution Items", "Solution Items", "{67737722-0E44-4F64-8D8C-E1C48F35C21A}"
	ProjectSection(SolutionItems) = preProject
		..\.editorconfig = ..\.editorconfig
		DataframeHelperTests.psess = DataframeHelperTests.psess
	EndProjectSection
EndProject
Project("{8BC9CEB8-8B4A-11D0-8D11-00A0C91BC942}") = "DataframeHelperTests", "..\test\DataframeHelperTests.vcxproj", "{EAD3EB9B-8C2F-40E8-80A1-4B5ED9AD6842}"
	ProjectSection(ProjectDependencies) = postProject
		{DB21CF45-ED79-4996-A2BD-BEC689322DD7} = {DB21CF45-ED79-4996-A2BD-BEC689322DD7}
		{899B5CE2-B02C-4841-AAE8-6F33B5F1460E} = {899B5CE2-B02C-4841-AAE8-6F33B5F1460E}
		{80A9D1EE-D7AE-4F89-A3E2-6600C7874E36} = {80A9D1EE-D7AE-4F89-A3E2-6600C7874E36}
	EndProjectSection
EndProject
Project("{8BC9CEB8-8B4A-11D0-8D11-00A0C91BC942}") = "DataframePlotter", "DataframePlotter.vcxproj", "{DB21CF45-ED79-4996-A2BD-BEC689322DD7}"
	ProjectSection(ProjectDependencies) = postProject
		{899B5CE2-B02C-4841-AAE8-6F33B5F1460E} = {899B5CE2-B02C-4841-AAE8-6F33B5F1460E}
	EndProjectSection
EndProject
Project("{8BC9CEB8-8B4A-11D0-8D11-00A0C91BC942}") = "Learn", "DataframeLearn.vcxproj", "{80A9D1EE-D7AE-4F89-A3E2-6600C7874E36}"
	ProjectSection(ProjectDependencies) = postProject
		{899B5CE2-B02C-4841-AAE8-6F33B5F1460E} = {899B5CE2-B02C-4841-AAE8-6F33B5F1460E}
	EndProjectSection
EndProject
Global
	GlobalSection(SolutionConfigurationPlatforms) = preSolution
		Debug|x64 = Debug|x64
		Release|x64 = Release|x64
	EndGlobalSection
	GlobalSection(ProjectConfigurationPlatforms) = postSolution
		{899B5CE2-B02C-4841-AAE8-6F33B5F1460E}.Debug|x64.ActiveCfg = Debug|x64
		{899B5CE2-B02C-4841-AAE8-6F33B5F1460E}.Debug|x64.Build.0 = Debug|x64
		{899B5CE2-B02C-4841-AAE8-6F33B5F1460E}.Release|x64.ActiveCfg = Release|x64
		{899B5CE2-B02C-4841-AAE8-6F33B5F1460E}.Release|x64.Build.0 = Release|x64
		{EAD3EB9B-8C2F-40E8-80A1-4B5ED9AD6842}.Debug|x64.ActiveCfg = Debug|x64
		{EAD3EB9B-8C2F-40E8-80A1-4B5ED9AD6842}.Debug|x64.Build.0 = Debug|x64
		{EAD3EB9B-8C2F-40E8-80A1-4B5ED9AD6842}.Release|x64.ActiveCfg = Release|x64
		{EAD3EB9B-8C2F-40E8-80A1-4B5ED9AD6842}.Release|x64.Build.0 = Release|x64
		{DB21CF45-ED79-4996-A2BD-BEC689322DD7}.Debug|x64.ActiveCfg = Debug|x64
		{DB21CF45-ED79-4996-A2BD-BEC689322DD7}.Debug|x64.Build.0 = Debug|x64
		{DB21CF45-ED79-4996-A2BD-BEC689322DD7}.Release|x64.ActiveCfg = Release|x64
		{DB21CF45-ED79-4996-A2BD-BEC689322DD7}.Release|x64.Build.0 = Release|x64
		{80A9D1EE-D7AE-4F89-A3E2-6600C7874E36}.Debug|x64.ActiveCfg = Debug|x64
		{80A9D1EE-D7AE-4F89-A3E2-6600C7874E36}.Debug|x64.Build.0 = Debug|x64
		{80A9D1EE-D7AE-4F89-A3E2-6600C7874E36}.Release|x64.ActiveCfg = Release|x64
		{80A9D1EE-D7AE-4F89-A3E2-6600C7874E36}.Release|x64.Build.0 = Release|x64
	EndGlobalSection
	GlobalSection(SolutionProperties) = preSolution
		HideSolutionNode = FALSE
	EndGlobalSection
	GlobalSection(ExtensibilityGlobals) = postSolution
		SolutionGuid = {6BCEC416-E86B-4B08-8F0B-C020AA3B399F}
	EndGlobalSection
	GlobalSection(Performance) = preSolution
		HasPerformanceSessions = true
	EndGlobalSection
	GlobalSection(Performance) = preSolution
		HasPerformanceSessions = true
	EndGlobalSection
	GlobalSection(Performance) = preSolution
		HasPerformanceSessions = true
	EndGlobalSection
	GlobalSection(Performance) = preSolution
		HasPerformanceSessions = true
	EndGlobalSection
	GlobalSection(Performance) = preSolution
		HasPerformanceSessions = true
	EndGlobalSection
	GlobalSection(Performance) = preSolution
		HasPerformanceSessions = true
	EndGlobalSection
	GlobalSection(Performance) = preSolution
		HasPerformanceSessions = true
	EndGlobalSection
	GlobalSection(Performance) = preSolution
		HasPerformanceSessions = true
	EndGlobalSection
	GlobalSection(Performance) = preSolution
		HasPerformanceSessions = true
	EndGlobalSection
	GlobalSection(Performance) = preSolution
		HasPerformanceSessions = true
	EndGlobalSection
	GlobalSection(Performance) = preSolution
		HasPerformanceSessions = true
	EndGlobalSection
	GlobalSection(Performance) = preSolution
		HasPerformanceSessions = true
	EndGlobalSection
	GlobalSection(Performance) = preSolution
		HasPerformanceSessions = true
	EndGlobalSection
	GlobalSection(Performance) = preSolution
		HasPerformanceSessions = true
	EndGlobalSection
	GlobalSection(Performance) = preSolution
		HasPerformanceSessions = true
	EndGlobalSection
	GlobalSection(Performance) = preSolution
		HasPerformanceSessions = true
	EndGlobalSection
	GlobalSection(Performance) = preSolution
		HasPerformanceSessions = true
	EndGlobalSection
EndGlobal
